
Microsoft Visual Studio Solution File, Format Version 12.00
# Visual Studio 15
VisualStudioVersion = 15.0.26228.12
MinimumVisualStudioVersion = 10.0.40219.1
Project("{FAE04EC0-301F-11D3-BF4B-00C04F79EFBC}") = "3esi.Tests", "3esi.Tests\3esi.Tests.csproj", "{24036A58-C968-42E4-B05F-4FF0CE75BB29}"
EndProject
Project("{FAE04EC0-301F-11D3-BF4B-00C04F79EFBC}") = "3esi_BusinessLayer", "3esi_BusinessLayer\3esi_BusinessLayer.csproj", "{697B57DA-ED33-4DCC-B730-EF19AACBDE0D}"
EndProject
Project("{FAE04EC0-301F-11D3-BF4B-00C04F79EFBC}") = "3esi_ConsoleApp", "3esi_ConsoleApp\3esi_ConsoleApp.csproj", "{9965C73D-BF1A-4E08-A1CD-17ADA60686E0}"
EndProject
Global
	GlobalSection(SolutionConfigurationPlatforms) = preSolution
		Debug|Any CPU = Debug|Any CPU
		Release|Any CPU = Release|Any CPU
	EndGlobalSection
	GlobalSection(ProjectConfigurationPlatforms) = postSolution
		{24036A58-C968-42E4-B05F-4FF0CE75BB29}.Debug|Any CPU.ActiveCfg = Debug|Any CPU
		{24036A58-C968-42E4-B05F-4FF0CE75BB29}.Debug|Any CPU.Build.0 = Debug|Any CPU
		{24036A58-C968-42E4-B05F-4FF0CE75BB29}.Release|Any CPU.ActiveCfg = Release|Any CPU
		{24036A58-C968-42E4-B05F-4FF0CE75BB29}.Release|Any CPU.Build.0 = Release|Any CPU
		{697B57DA-ED33-4DCC-B730-EF19AACBDE0D}.Debug|Any CPU.ActiveCfg = Debug|Any CPU
		{697B57DA-ED33-4DCC-B730-EF19AACBDE0D}.Debug|Any CPU.Build.0 = Debug|Any CPU
		{697B57DA-ED33-4DCC-B730-EF19AACBDE0D}.Release|Any CPU.ActiveCfg = Release|Any CPU
		{697B57DA-ED33-4DCC-B730-EF19AACBDE0D}.Release|Any CPU.Build.0 = Release|Any CPU
		{9965C73D-BF1A-4E08-A1CD-17ADA60686E0}.Debug|Any CPU.ActiveCfg = Debug|Any CPU
		{9965C73D-BF1A-4E08-A1CD-17ADA60686E0}.Debug|Any CPU.Build.0 = Debug|Any CPU
		{9965C73D-BF1A-4E08-A1CD-17ADA60686E0}.Release|Any CPU.ActiveCfg = Release|Any CPU
		{9965C73D-BF1A-4E08-A1CD-17ADA60686E0}.Release|Any CPU.Build.0 = Release|Any CPU
	EndGlobalSection
	GlobalSection(SolutionProperties) = preSolution
		HideSolutionNode = FALSE
	EndGlobalSection
	GlobalSection(ExtensibilityGlobals) = postSolution
		SolutionGuid = {5F08C88D-E0AB-4877-8D36-758184CA4694}
	EndGlobalSection
EndGlobal
